// !$*UTF8*$!
{
	archiveVersion = 1;
	classes = {
	};
	objectVersion = 56;
	objects = {

/* Begin PBXBuildFile section */
		38ACF507297D7E8000CD2DB2 /* AppDelegate.swift in Sources */ = {isa = PBXBuildFile; fileRef = 38ACF506297D7E8000CD2DB2 /* AppDelegate.swift */; };
		38ACF509297D7E8000CD2DB2 /* SceneDelegate.swift in Sources */ = {isa = PBXBuildFile; fileRef = 38ACF508297D7E8000CD2DB2 /* SceneDelegate.swift */; };
		38ACF50B297D7E8000CD2DB2 /* OnboardingViewController.swift in Sources */ = {isa = PBXBuildFile; fileRef = 38ACF50A297D7E8000CD2DB2 /* OnboardingViewController.swift */; };
		38ACF510297D7E8200CD2DB2 /* Assets.xcassets in Resources */ = {isa = PBXBuildFile; fileRef = 38ACF50F297D7E8200CD2DB2 /* Assets.xcassets */; };
		38ACF513297D7E8200CD2DB2 /* LaunchScreen.storyboard in Resources */ = {isa = PBXBuildFile; fileRef = 38ACF511297D7E8200CD2DB2 /* LaunchScreen.storyboard */; };
		38C1AB4E298528FC00AB7B0E /* TrackersViewController.swift in Sources */ = {isa = PBXBuildFile; fileRef = 38C1AB4D298528FC00AB7B0E /* TrackersViewController.swift */; };
		38C1AB502985291900AB7B0E /* OnboardingPageViewController.swift in Sources */ = {isa = PBXBuildFile; fileRef = 38C1AB4F2985291900AB7B0E /* OnboardingPageViewController.swift */; };
		38C1AB5529852A8400AB7B0E /* YSDisplay-Medium.ttf in Resources */ = {isa = PBXBuildFile; fileRef = 38C1AB5229852A8400AB7B0E /* YSDisplay-Medium.ttf */; };
		38C1AB5629852A8400AB7B0E /* YSDisplay-Regular.ttf in Resources */ = {isa = PBXBuildFile; fileRef = 38C1AB5329852A8400AB7B0E /* YSDisplay-Regular.ttf */; };
		38C1AB5729852A8400AB7B0E /* YSDisplay-Bold.ttf in Resources */ = {isa = PBXBuildFile; fileRef = 38C1AB5429852A8400AB7B0E /* YSDisplay-Bold.ttf */; };
		38C1AB5929852AC800AB7B0E /* FontAsset+UIFont.swift in Sources */ = {isa = PBXBuildFile; fileRef = 38C1AB5829852AC800AB7B0E /* FontAsset+UIFont.swift */; };
		38C1AB5B29852ADC00AB7B0E /* ImageAsset+UIKit.swift in Sources */ = {isa = PBXBuildFile; fileRef = 38C1AB5A29852ADC00AB7B0E /* ImageAsset+UIKit.swift */; };
		38C1AB5D29852B0400AB7B0E /* ColorAsset+UIColor.swift in Sources */ = {isa = PBXBuildFile; fileRef = 38C1AB5C29852B0400AB7B0E /* ColorAsset+UIColor.swift */; };
		38C1AB5F2985710C00AB7B0E /* HomeViewController.swift in Sources */ = {isa = PBXBuildFile; fileRef = 38C1AB5E2985710C00AB7B0E /* HomeViewController.swift */; };
		38C1AB62298574D200AB7B0E /* StatisticsViewController.swift in Sources */ = {isa = PBXBuildFile; fileRef = 38C1AB61298574D200AB7B0E /* StatisticsViewController.swift */; };
		38C1AB652985A10700AB7B0E /* PlaceholderView.swift in Sources */ = {isa = PBXBuildFile; fileRef = 38C1AB642985A10700AB7B0E /* PlaceholderView.swift */; };
		38C1AB692985B91100AB7B0E /* YPButton.swift in Sources */ = {isa = PBXBuildFile; fileRef = 38C1AB682985B91100AB7B0E /* YPButton.swift */; };
		38C1AB6C2985BA3C00AB7B0E /* TrackerTypeViewController.swift in Sources */ = {isa = PBXBuildFile; fileRef = 38C1AB6B2985BA3C00AB7B0E /* TrackerTypeViewController.swift */; };
		38C1AB6E2985BB1100AB7B0E /* NewTracker.swift in Sources */ = {isa = PBXBuildFile; fileRef = 38C1AB6D2985BB1100AB7B0E /* NewTracker.swift */; };
		38C1AB702985CE0600AB7B0E /* Tracker.swift in Sources */ = {isa = PBXBuildFile; fileRef = 38C1AB6F2985CE0600AB7B0E /* Tracker.swift */; };
		38C1AB732985CE6300AB7B0E /* TrackerColor.swift in Sources */ = {isa = PBXBuildFile; fileRef = 38C1AB722985CE6300AB7B0E /* TrackerColor.swift */; };
		38C1AB752985CEDA00AB7B0E /* WeekDay.swift in Sources */ = {isa = PBXBuildFile; fileRef = 38C1AB742985CEDA00AB7B0E /* WeekDay.swift */; };
		38C1AB772985CFEB00AB7B0E /* TrackerCategory.swift in Sources */ = {isa = PBXBuildFile; fileRef = 38C1AB762985CFEB00AB7B0E /* TrackerCategory.swift */; };
		38C1AB792985D01000AB7B0E /* TrackerRecord.swift in Sources */ = {isa = PBXBuildFile; fileRef = 38C1AB782985D01000AB7B0E /* TrackerRecord.swift */; };
		38C1AB7B2985D37300AB7B0E /* TrackerCollectionViewCell.swift in Sources */ = {isa = PBXBuildFile; fileRef = 38C1AB7A2985D37300AB7B0E /* TrackerCollectionViewCell.swift */; };
		38C1AB7D2985DC8D00AB7B0E /* TrackerCategoryHeaderView.swift in Sources */ = {isa = PBXBuildFile; fileRef = 38C1AB7C2985DC8D00AB7B0E /* TrackerCategoryHeaderView.swift */; };
		38C1AB802985E96600AB7B0E /* UIColor+Hex.swift in Sources */ = {isa = PBXBuildFile; fileRef = 38C1AB7F2985E96500AB7B0E /* UIColor+Hex.swift */; };
		38C1AB822987116700AB7B0E /* UIView+subViews.swift in Sources */ = {isa = PBXBuildFile; fileRef = 38C1AB812987116700AB7B0E /* UIView+subViews.swift */; };
		38C1AB8429872B1100AB7B0E /* ScheduleViewController.swift in Sources */ = {isa = PBXBuildFile; fileRef = 38C1AB8329872B1100AB7B0E /* ScheduleViewController.swift */; };
		38C1AB8629872ED400AB7B0E /* ScheduleViewCell.swift in Sources */ = {isa = PBXBuildFile; fileRef = 38C1AB8529872ED400AB7B0E /* ScheduleViewCell.swift */; };
		38C1AB882987B1EE00AB7B0E /* NewTrackerViewController.swift in Sources */ = {isa = PBXBuildFile; fileRef = 38C1AB872987B1EE00AB7B0E /* NewTrackerViewController.swift */; };
		38C1AB8A2987BB4A00AB7B0E /* DisclosureButton.swift in Sources */ = {isa = PBXBuildFile; fileRef = 38C1AB892987BB4A00AB7B0E /* DisclosureButton.swift */; };
		38C1AB8E2989101600AB7B0E /* Array.swift in Sources */ = {isa = PBXBuildFile; fileRef = 38C1AB8D2989101600AB7B0E /* Array.swift */; };
/* End PBXBuildFile section */

/* Begin PBXFileReference section */
		38ACF503297D7E8000CD2DB2 /* TrackerApp.app */ = {isa = PBXFileReference; explicitFileType = wrapper.application; includeInIndex = 0; path = TrackerApp.app; sourceTree = BUILT_PRODUCTS_DIR; };
		38ACF506297D7E8000CD2DB2 /* AppDelegate.swift */ = {isa = PBXFileReference; lastKnownFileType = sourcecode.swift; path = AppDelegate.swift; sourceTree = "<group>"; };
		38ACF508297D7E8000CD2DB2 /* SceneDelegate.swift */ = {isa = PBXFileReference; lastKnownFileType = sourcecode.swift; path = SceneDelegate.swift; sourceTree = "<group>"; };
		38ACF50A297D7E8000CD2DB2 /* OnboardingViewController.swift */ = {isa = PBXFileReference; lastKnownFileType = sourcecode.swift; path = OnboardingViewController.swift; sourceTree = "<group>"; };
		38ACF50F297D7E8200CD2DB2 /* Assets.xcassets */ = {isa = PBXFileReference; lastKnownFileType = folder.assetcatalog; path = Assets.xcassets; sourceTree = "<group>"; };
		38ACF512297D7E8200CD2DB2 /* Base */ = {isa = PBXFileReference; lastKnownFileType = file.storyboard; name = Base; path = Base.lproj/LaunchScreen.storyboard; sourceTree = "<group>"; };
		38ACF514297D7E8200CD2DB2 /* Info.plist */ = {isa = PBXFileReference; lastKnownFileType = text.plist.xml; path = Info.plist; sourceTree = "<group>"; };
		38ACF51E297D806B00CD2DB2 /* README.md */ = {isa = PBXFileReference; fileEncoding = 4; lastKnownFileType = net.daringfireball.markdown; path = README.md; sourceTree = "<group>"; };
		38ACF51F297D806B00CD2DB2 /* .gitignore */ = {isa = PBXFileReference; fileEncoding = 4; lastKnownFileType = text; path = .gitignore; sourceTree = "<group>"; };
		38C1AB4D298528FC00AB7B0E /* TrackersViewController.swift */ = {isa = PBXFileReference; lastKnownFileType = sourcecode.swift; path = TrackersViewController.swift; sourceTree = "<group>"; };
		38C1AB4F2985291900AB7B0E /* OnboardingPageViewController.swift */ = {isa = PBXFileReference; lastKnownFileType = sourcecode.swift; path = OnboardingPageViewController.swift; sourceTree = "<group>"; };
		38C1AB5229852A8400AB7B0E /* YSDisplay-Medium.ttf */ = {isa = PBXFileReference; lastKnownFileType = file; path = "YSDisplay-Medium.ttf"; sourceTree = "<group>"; };
		38C1AB5329852A8400AB7B0E /* YSDisplay-Regular.ttf */ = {isa = PBXFileReference; lastKnownFileType = file; path = "YSDisplay-Regular.ttf"; sourceTree = "<group>"; };
		38C1AB5429852A8400AB7B0E /* YSDisplay-Bold.ttf */ = {isa = PBXFileReference; lastKnownFileType = file; path = "YSDisplay-Bold.ttf"; sourceTree = "<group>"; };
		38C1AB5829852AC800AB7B0E /* FontAsset+UIFont.swift */ = {isa = PBXFileReference; lastKnownFileType = sourcecode.swift; path = "FontAsset+UIFont.swift"; sourceTree = "<group>"; };
		38C1AB5A29852ADC00AB7B0E /* ImageAsset+UIKit.swift */ = {isa = PBXFileReference; lastKnownFileType = sourcecode.swift; path = "ImageAsset+UIKit.swift"; sourceTree = "<group>"; };
		38C1AB5C29852B0400AB7B0E /* ColorAsset+UIColor.swift */ = {isa = PBXFileReference; lastKnownFileType = sourcecode.swift; path = "ColorAsset+UIColor.swift"; sourceTree = "<group>"; };
		38C1AB5E2985710C00AB7B0E /* HomeViewController.swift */ = {isa = PBXFileReference; lastKnownFileType = sourcecode.swift; path = HomeViewController.swift; sourceTree = "<group>"; };
		38C1AB61298574D200AB7B0E /* StatisticsViewController.swift */ = {isa = PBXFileReference; lastKnownFileType = sourcecode.swift; path = StatisticsViewController.swift; sourceTree = "<group>"; };
		38C1AB642985A10700AB7B0E /* PlaceholderView.swift */ = {isa = PBXFileReference; lastKnownFileType = sourcecode.swift; path = PlaceholderView.swift; sourceTree = "<group>"; };
		38C1AB682985B91100AB7B0E /* YPButton.swift */ = {isa = PBXFileReference; lastKnownFileType = sourcecode.swift; path = YPButton.swift; sourceTree = "<group>"; };
		38C1AB6B2985BA3C00AB7B0E /* TrackerTypeViewController.swift */ = {isa = PBXFileReference; lastKnownFileType = sourcecode.swift; path = TrackerTypeViewController.swift; sourceTree = "<group>"; };
		38C1AB6D2985BB1100AB7B0E /* NewTracker.swift */ = {isa = PBXFileReference; lastKnownFileType = sourcecode.swift; path = NewTracker.swift; sourceTree = "<group>"; };
		38C1AB6F2985CE0600AB7B0E /* Tracker.swift */ = {isa = PBXFileReference; lastKnownFileType = sourcecode.swift; path = Tracker.swift; sourceTree = "<group>"; };
		38C1AB722985CE6300AB7B0E /* TrackerColor.swift */ = {isa = PBXFileReference; lastKnownFileType = sourcecode.swift; path = TrackerColor.swift; sourceTree = "<group>"; };
		38C1AB742985CEDA00AB7B0E /* WeekDay.swift */ = {isa = PBXFileReference; lastKnownFileType = sourcecode.swift; path = WeekDay.swift; sourceTree = "<group>"; };
		38C1AB762985CFEB00AB7B0E /* TrackerCategory.swift */ = {isa = PBXFileReference; lastKnownFileType = sourcecode.swift; path = TrackerCategory.swift; sourceTree = "<group>"; };
		38C1AB782985D01000AB7B0E /* TrackerRecord.swift */ = {isa = PBXFileReference; lastKnownFileType = sourcecode.swift; path = TrackerRecord.swift; sourceTree = "<group>"; };
		38C1AB7A2985D37300AB7B0E /* TrackerCollectionViewCell.swift */ = {isa = PBXFileReference; lastKnownFileType = sourcecode.swift; path = TrackerCollectionViewCell.swift; sourceTree = "<group>"; };
		38C1AB7C2985DC8D00AB7B0E /* TrackerCategoryHeaderView.swift */ = {isa = PBXFileReference; lastKnownFileType = sourcecode.swift; path = TrackerCategoryHeaderView.swift; sourceTree = "<group>"; };
		38C1AB7F2985E96500AB7B0E /* UIColor+Hex.swift */ = {isa = PBXFileReference; lastKnownFileType = sourcecode.swift; path = "UIColor+Hex.swift"; sourceTree = "<group>"; };
		38C1AB812987116700AB7B0E /* UIView+subViews.swift */ = {isa = PBXFileReference; lastKnownFileType = sourcecode.swift; path = "UIView+subViews.swift"; sourceTree = "<group>"; };
		38C1AB8329872B1100AB7B0E /* ScheduleViewController.swift */ = {isa = PBXFileReference; lastKnownFileType = sourcecode.swift; path = ScheduleViewController.swift; sourceTree = "<group>"; };
		38C1AB8529872ED400AB7B0E /* ScheduleViewCell.swift */ = {isa = PBXFileReference; lastKnownFileType = sourcecode.swift; path = ScheduleViewCell.swift; sourceTree = "<group>"; };
		38C1AB872987B1EE00AB7B0E /* NewTrackerViewController.swift */ = {isa = PBXFileReference; lastKnownFileType = sourcecode.swift; path = NewTrackerViewController.swift; sourceTree = "<group>"; };
		38C1AB892987BB4A00AB7B0E /* DisclosureButton.swift */ = {isa = PBXFileReference; lastKnownFileType = sourcecode.swift; path = DisclosureButton.swift; sourceTree = "<group>"; };
		38C1AB8D2989101600AB7B0E /* Array.swift */ = {isa = PBXFileReference; lastKnownFileType = sourcecode.swift; path = Array.swift; sourceTree = "<group>"; };
/* End PBXFileReference section */

/* Begin PBXFrameworksBuildPhase section */
		38ACF500297D7E8000CD2DB2 /* Frameworks */ = {
			isa = PBXFrameworksBuildPhase;
			buildActionMask = 2147483647;
			files = (
			);
			runOnlyForDeploymentPostprocessing = 0;
		};
/* End PBXFrameworksBuildPhase section */

/* Begin PBXGroup section */
		38ACF4FA297D7E8000CD2DB2 = {
			isa = PBXGroup;
			children = (
				38ACF51F297D806B00CD2DB2 /* .gitignore */,
				38ACF51E297D806B00CD2DB2 /* README.md */,
				38ACF505297D7E8000CD2DB2 /* TrackerApp */,
				38ACF504297D7E8000CD2DB2 /* Products */,
			);
			sourceTree = "<group>";
		};
		38ACF504297D7E8000CD2DB2 /* Products */ = {
			isa = PBXGroup;
			children = (
				38ACF503297D7E8000CD2DB2 /* TrackerApp.app */,
			);
			name = Products;
			sourceTree = "<group>";
		};
		38ACF505297D7E8000CD2DB2 /* TrackerApp */ = {
			isa = PBXGroup;
			children = (
				38C1AB7E2985E95700AB7B0E /* Helpers */,
				38C1AB712985CE0E00AB7B0E /* Models */,
				38C1AB6329859FA100AB7B0E /* Components */,
				38C1AB4A298519C800AB7B0E /* Scenes */,
				38AFEBD729850DAE00358D7B /* Resources */,
				38ACF506297D7E8000CD2DB2 /* AppDelegate.swift */,
				38ACF508297D7E8000CD2DB2 /* SceneDelegate.swift */,
			);
			path = TrackerApp;
			sourceTree = "<group>";
		};
		38AFEBD729850DAE00358D7B /* Resources */ = {
			isa = PBXGroup;
			children = (
				38C1AB5129852A8400AB7B0E /* Fonts */,
				38ACF50F297D7E8200CD2DB2 /* Assets.xcassets */,
				38ACF511297D7E8200CD2DB2 /* LaunchScreen.storyboard */,
				38ACF514297D7E8200CD2DB2 /* Info.plist */,
				38C1AB5829852AC800AB7B0E /* FontAsset+UIFont.swift */,
				38C1AB5A29852ADC00AB7B0E /* ImageAsset+UIKit.swift */,
				38C1AB5C29852B0400AB7B0E /* ColorAsset+UIColor.swift */,
			);
			path = Resources;
			sourceTree = "<group>";
		};
		38C1AB4A298519C800AB7B0E /* Scenes */ = {
			isa = PBXGroup;
			children = (
				38C1AB6A2985BA1400AB7B0E /* NewTracker */,
				38C1AB602985749E00AB7B0E /* Statistics */,
				38C1AB4C298528E500AB7B0E /* Trackers */,
				38C1AB4B298528CE00AB7B0E /* Onboarding */,
				38C1AB5E2985710C00AB7B0E /* HomeViewController.swift */,
			);
			path = Scenes;
			sourceTree = "<group>";
		};
		38C1AB4B298528CE00AB7B0E /* Onboarding */ = {
			isa = PBXGroup;
			children = (
				38ACF50A297D7E8000CD2DB2 /* OnboardingViewController.swift */,
				38C1AB4F2985291900AB7B0E /* OnboardingPageViewController.swift */,
			);
			path = Onboarding;
			sourceTree = "<group>";
		};
		38C1AB4C298528E500AB7B0E /* Trackers */ = {
			isa = PBXGroup;
			children = (
				38C1AB4D298528FC00AB7B0E /* TrackersViewController.swift */,
				38C1AB7A2985D37300AB7B0E /* TrackerCollectionViewCell.swift */,
				38C1AB7C2985DC8D00AB7B0E /* TrackerCategoryHeaderView.swift */,
			);
			path = Trackers;
			sourceTree = "<group>";
		};
		38C1AB5129852A8400AB7B0E /* Fonts */ = {
			isa = PBXGroup;
			children = (
				38C1AB5229852A8400AB7B0E /* YSDisplay-Medium.ttf */,
				38C1AB5329852A8400AB7B0E /* YSDisplay-Regular.ttf */,
				38C1AB5429852A8400AB7B0E /* YSDisplay-Bold.ttf */,
			);
			path = Fonts;
			sourceTree = "<group>";
		};
		38C1AB602985749E00AB7B0E /* Statistics */ = {
			isa = PBXGroup;
			children = (
				38C1AB61298574D200AB7B0E /* StatisticsViewController.swift */,
			);
			path = Statistics;
			sourceTree = "<group>";
		};
		38C1AB6329859FA100AB7B0E /* Components */ = {
			isa = PBXGroup;
			children = (
				38C1AB642985A10700AB7B0E /* PlaceholderView.swift */,
				38C1AB682985B91100AB7B0E /* YPButton.swift */,
				38C1AB892987BB4A00AB7B0E /* DisclosureButton.swift */,
			);
			path = Components;
			sourceTree = "<group>";
		};
		38C1AB6A2985BA1400AB7B0E /* NewTracker */ = {
			isa = PBXGroup;
			children = (
				38C1AB6B2985BA3C00AB7B0E /* TrackerTypeViewController.swift */,
				38C1AB6D2985BB1100AB7B0E /* NewTracker.swift */,
				38C1AB8329872B1100AB7B0E /* ScheduleViewController.swift */,
				38C1AB8529872ED400AB7B0E /* ScheduleViewCell.swift */,
				38C1AB872987B1EE00AB7B0E /* NewTrackerViewController.swift */,
			);
			path = NewTracker;
			sourceTree = "<group>";
		};
		38C1AB712985CE0E00AB7B0E /* Models */ = {
			isa = PBXGroup;
			children = (
				38C1AB6F2985CE0600AB7B0E /* Tracker.swift */,
				38C1AB722985CE6300AB7B0E /* TrackerColor.swift */,
				38C1AB742985CEDA00AB7B0E /* WeekDay.swift */,
				38C1AB762985CFEB00AB7B0E /* TrackerCategory.swift */,
				38C1AB782985D01000AB7B0E /* TrackerRecord.swift */,
			);
			path = Models;
			sourceTree = "<group>";
		};
		38C1AB7E2985E95700AB7B0E /* Helpers */ = {
			isa = PBXGroup;
			children = (
				38C1AB7F2985E96500AB7B0E /* UIColor+Hex.swift */,
				38C1AB812987116700AB7B0E /* UIView+subViews.swift */,
				38C1AB8D2989101600AB7B0E /* Array.swift */,
			);
			path = Helpers;
			sourceTree = "<group>";
		};
/* End PBXGroup section */

/* Begin PBXNativeTarget section */
		38ACF502297D7E8000CD2DB2 /* TrackerApp */ = {
			isa = PBXNativeTarget;
			buildConfigurationList = 38ACF517297D7E8200CD2DB2 /* Build configuration list for PBXNativeTarget "TrackerApp" */;
			buildPhases = (
				38ACF4FF297D7E8000CD2DB2 /* Sources */,
				38ACF500297D7E8000CD2DB2 /* Frameworks */,
				38ACF501297D7E8000CD2DB2 /* Resources */,
				38AFEBD82985108500358D7B /* SwiftLint */,
			);
			buildRules = (
			);
			dependencies = (
			);
			name = TrackerApp;
			productName = TrackerApp;
			productReference = 38ACF503297D7E8000CD2DB2 /* TrackerApp.app */;
			productType = "com.apple.product-type.application";
		};
/* End PBXNativeTarget section */

/* Begin PBXProject section */
		38ACF4FB297D7E8000CD2DB2 /* Project object */ = {
			isa = PBXProject;
			attributes = {
				BuildIndependentTargetsInParallel = 1;
				LastSwiftUpdateCheck = 1420;
				LastUpgradeCheck = 1420;
				TargetAttributes = {
					38ACF502297D7E8000CD2DB2 = {
						CreatedOnToolsVersion = 14.2;
					};
				};
			};
			buildConfigurationList = 38ACF4FE297D7E8000CD2DB2 /* Build configuration list for PBXProject "TrackerApp" */;
			compatibilityVersion = "Xcode 14.0";
			developmentRegion = en;
			hasScannedForEncodings = 0;
			knownRegions = (
				en,
				Base,
			);
			mainGroup = 38ACF4FA297D7E8000CD2DB2;
			productRefGroup = 38ACF504297D7E8000CD2DB2 /* Products */;
			projectDirPath = "";
			projectRoot = "";
			targets = (
				38ACF502297D7E8000CD2DB2 /* TrackerApp */,
			);
		};
/* End PBXProject section */

/* Begin PBXResourcesBuildPhase section */
		38ACF501297D7E8000CD2DB2 /* Resources */ = {
			isa = PBXResourcesBuildPhase;
			buildActionMask = 2147483647;
			files = (
				38ACF513297D7E8200CD2DB2 /* LaunchScreen.storyboard in Resources */,
				38ACF510297D7E8200CD2DB2 /* Assets.xcassets in Resources */,
				38C1AB5629852A8400AB7B0E /* YSDisplay-Regular.ttf in Resources */,
				38C1AB5529852A8400AB7B0E /* YSDisplay-Medium.ttf in Resources */,
				38C1AB5729852A8400AB7B0E /* YSDisplay-Bold.ttf in Resources */,
			);
			runOnlyForDeploymentPostprocessing = 0;
		};
/* End PBXResourcesBuildPhase section */

/* Begin PBXShellScriptBuildPhase section */
		38AFEBD82985108500358D7B /* SwiftLint */ = {
			isa = PBXShellScriptBuildPhase;
			alwaysOutOfDate = 1;
			buildActionMask = 2147483647;
			files = (
			);
			inputFileListPaths = (
			);
			inputPaths = (
			);
			name = SwiftLint;
			outputFileListPaths = (
			);
			outputPaths = (
			);
			runOnlyForDeploymentPostprocessing = 0;
			shellPath = /bin/sh;
			shellScript = "if which swiftlint > /dev/null; then\n  swiftlint\nelse\n  echo \"warning: SwiftLint not installed, download from https://github.com/realm/SwiftLint\"\nfi\n";
		};
/* End PBXShellScriptBuildPhase section */

/* Begin PBXSourcesBuildPhase section */
		38ACF4FF297D7E8000CD2DB2 /* Sources */ = {
			isa = PBXSourcesBuildPhase;
			buildActionMask = 2147483647;
			files = (
				38C1AB772985CFEB00AB7B0E /* TrackerCategory.swift in Sources */,
				38C1AB5B29852ADC00AB7B0E /* ImageAsset+UIKit.swift in Sources */,
				38C1AB692985B91100AB7B0E /* YPButton.swift in Sources */,
				38C1AB8429872B1100AB7B0E /* ScheduleViewController.swift in Sources */,
				38C1AB62298574D200AB7B0E /* StatisticsViewController.swift in Sources */,
				38C1AB6E2985BB1100AB7B0E /* NewTracker.swift in Sources */,
				38C1AB802985E96600AB7B0E /* UIColor+Hex.swift in Sources */,
				38ACF50B297D7E8000CD2DB2 /* OnboardingViewController.swift in Sources */,
				38C1AB5D29852B0400AB7B0E /* ColorAsset+UIColor.swift in Sources */,
				38C1AB8E2989101600AB7B0E /* Array.swift in Sources */,
				38C1AB5929852AC800AB7B0E /* FontAsset+UIFont.swift in Sources */,
				38C1AB4E298528FC00AB7B0E /* TrackersViewController.swift in Sources */,
				38C1AB732985CE6300AB7B0E /* TrackerColor.swift in Sources */,
				38C1AB702985CE0600AB7B0E /* Tracker.swift in Sources */,
				38C1AB5F2985710C00AB7B0E /* HomeViewController.swift in Sources */,
				38C1AB502985291900AB7B0E /* OnboardingPageViewController.swift in Sources */,
				38C1AB792985D01000AB7B0E /* TrackerRecord.swift in Sources */,
				38C1AB6C2985BA3C00AB7B0E /* TrackerTypeViewController.swift in Sources */,
				38C1AB752985CEDA00AB7B0E /* WeekDay.swift in Sources */,
				38ACF507297D7E8000CD2DB2 /* AppDelegate.swift in Sources */,
				38C1AB7B2985D37300AB7B0E /* TrackerCollectionViewCell.swift in Sources */,
				38C1AB8629872ED400AB7B0E /* ScheduleViewCell.swift in Sources */,
				38C1AB7D2985DC8D00AB7B0E /* TrackerCategoryHeaderView.swift in Sources */,
				38C1AB882987B1EE00AB7B0E /* NewTrackerViewController.swift in Sources */,
				38C1AB822987116700AB7B0E /* UIView+subViews.swift in Sources */,
				38C1AB652985A10700AB7B0E /* PlaceholderView.swift in Sources */,
				38ACF509297D7E8000CD2DB2 /* SceneDelegate.swift in Sources */,
				38C1AB8A2987BB4A00AB7B0E /* DisclosureButton.swift in Sources */,
			);
			runOnlyForDeploymentPostprocessing = 0;
		};
/* End PBXSourcesBuildPhase section */

/* Begin PBXVariantGroup section */
		38ACF511297D7E8200CD2DB2 /* LaunchScreen.storyboard */ = {
			isa = PBXVariantGroup;
			children = (
				38ACF512297D7E8200CD2DB2 /* Base */,
			);
			name = LaunchScreen.storyboard;
			sourceTree = "<group>";
		};
/* End PBXVariantGroup section */

/* Begin XCBuildConfiguration section */
		38ACF515297D7E8200CD2DB2 /* Debug */ = {
			isa = XCBuildConfiguration;
			buildSettings = {
				ALWAYS_SEARCH_USER_PATHS = NO;
				CLANG_ANALYZER_NONNULL = YES;
				CLANG_ANALYZER_NUMBER_OBJECT_CONVERSION = YES_AGGRESSIVE;
				CLANG_CXX_LANGUAGE_STANDARD = "gnu++20";
				CLANG_ENABLE_MODULES = YES;
				CLANG_ENABLE_OBJC_ARC = YES;
				CLANG_ENABLE_OBJC_WEAK = YES;
				CLANG_WARN_BLOCK_CAPTURE_AUTORELEASING = YES;
				CLANG_WARN_BOOL_CONVERSION = YES;
				CLANG_WARN_COMMA = YES;
				CLANG_WARN_CONSTANT_CONVERSION = YES;
				CLANG_WARN_DEPRECATED_OBJC_IMPLEMENTATIONS = YES;
				CLANG_WARN_DIRECT_OBJC_ISA_USAGE = YES_ERROR;
				CLANG_WARN_DOCUMENTATION_COMMENTS = YES;
				CLANG_WARN_EMPTY_BODY = YES;
				CLANG_WARN_ENUM_CONVERSION = YES;
				CLANG_WARN_INFINITE_RECURSION = YES;
				CLANG_WARN_INT_CONVERSION = YES;
				CLANG_WARN_NON_LITERAL_NULL_CONVERSION = YES;
				CLANG_WARN_OBJC_IMPLICIT_RETAIN_SELF = YES;
				CLANG_WARN_OBJC_LITERAL_CONVERSION = YES;
				CLANG_WARN_OBJC_ROOT_CLASS = YES_ERROR;
				CLANG_WARN_QUOTED_INCLUDE_IN_FRAMEWORK_HEADER = YES;
				CLANG_WARN_RANGE_LOOP_ANALYSIS = YES;
				CLANG_WARN_STRICT_PROTOTYPES = YES;
				CLANG_WARN_SUSPICIOUS_MOVE = YES;
				CLANG_WARN_UNGUARDED_AVAILABILITY = YES_AGGRESSIVE;
				CLANG_WARN_UNREACHABLE_CODE = YES;
				CLANG_WARN__DUPLICATE_METHOD_MATCH = YES;
				COPY_PHASE_STRIP = NO;
				DEBUG_INFORMATION_FORMAT = dwarf;
				ENABLE_STRICT_OBJC_MSGSEND = YES;
				ENABLE_TESTABILITY = YES;
				GCC_C_LANGUAGE_STANDARD = gnu11;
				GCC_DYNAMIC_NO_PIC = NO;
				GCC_NO_COMMON_BLOCKS = YES;
				GCC_OPTIMIZATION_LEVEL = 0;
				GCC_PREPROCESSOR_DEFINITIONS = (
					"DEBUG=1",
					"$(inherited)",
				);
				GCC_WARN_64_TO_32_BIT_CONVERSION = YES;
				GCC_WARN_ABOUT_RETURN_TYPE = YES_ERROR;
				GCC_WARN_UNDECLARED_SELECTOR = YES;
				GCC_WARN_UNINITIALIZED_AUTOS = YES_AGGRESSIVE;
				GCC_WARN_UNUSED_FUNCTION = YES;
				GCC_WARN_UNUSED_VARIABLE = YES;
				IPHONEOS_DEPLOYMENT_TARGET = 13.4;
				MTL_ENABLE_DEBUG_INFO = INCLUDE_SOURCE;
				MTL_FAST_MATH = YES;
				ONLY_ACTIVE_ARCH = YES;
				SDKROOT = iphoneos;
				SWIFT_ACTIVE_COMPILATION_CONDITIONS = DEBUG;
				SWIFT_OPTIMIZATION_LEVEL = "-Onone";
			};
			name = Debug;
		};
		38ACF516297D7E8200CD2DB2 /* Release */ = {
			isa = XCBuildConfiguration;
			buildSettings = {
				ALWAYS_SEARCH_USER_PATHS = NO;
				CLANG_ANALYZER_NONNULL = YES;
				CLANG_ANALYZER_NUMBER_OBJECT_CONVERSION = YES_AGGRESSIVE;
				CLANG_CXX_LANGUAGE_STANDARD = "gnu++20";
				CLANG_ENABLE_MODULES = YES;
				CLANG_ENABLE_OBJC_ARC = YES;
				CLANG_ENABLE_OBJC_WEAK = YES;
				CLANG_WARN_BLOCK_CAPTURE_AUTORELEASING = YES;
				CLANG_WARN_BOOL_CONVERSION = YES;
				CLANG_WARN_COMMA = YES;
				CLANG_WARN_CONSTANT_CONVERSION = YES;
				CLANG_WARN_DEPRECATED_OBJC_IMPLEMENTATIONS = YES;
				CLANG_WARN_DIRECT_OBJC_ISA_USAGE = YES_ERROR;
				CLANG_WARN_DOCUMENTATION_COMMENTS = YES;
				CLANG_WARN_EMPTY_BODY = YES;
				CLANG_WARN_ENUM_CONVERSION = YES;
				CLANG_WARN_INFINITE_RECURSION = YES;
				CLANG_WARN_INT_CONVERSION = YES;
				CLANG_WARN_NON_LITERAL_NULL_CONVERSION = YES;
				CLANG_WARN_OBJC_IMPLICIT_RETAIN_SELF = YES;
				CLANG_WARN_OBJC_LITERAL_CONVERSION = YES;
				CLANG_WARN_OBJC_ROOT_CLASS = YES_ERROR;
				CLANG_WARN_QUOTED_INCLUDE_IN_FRAMEWORK_HEADER = YES;
				CLANG_WARN_RANGE_LOOP_ANALYSIS = YES;
				CLANG_WARN_STRICT_PROTOTYPES = YES;
				CLANG_WARN_SUSPICIOUS_MOVE = YES;
				CLANG_WARN_UNGUARDED_AVAILABILITY = YES_AGGRESSIVE;
				CLANG_WARN_UNREACHABLE_CODE = YES;
				CLANG_WARN__DUPLICATE_METHOD_MATCH = YES;
				COPY_PHASE_STRIP = NO;
				DEBUG_INFORMATION_FORMAT = "dwarf-with-dsym";
				ENABLE_NS_ASSERTIONS = NO;
				ENABLE_STRICT_OBJC_MSGSEND = YES;
				GCC_C_LANGUAGE_STANDARD = gnu11;
				GCC_NO_COMMON_BLOCKS = YES;
				GCC_WARN_64_TO_32_BIT_CONVERSION = YES;
				GCC_WARN_ABOUT_RETURN_TYPE = YES_ERROR;
				GCC_WARN_UNDECLARED_SELECTOR = YES;
				GCC_WARN_UNINITIALIZED_AUTOS = YES_AGGRESSIVE;
				GCC_WARN_UNUSED_FUNCTION = YES;
				GCC_WARN_UNUSED_VARIABLE = YES;
				IPHONEOS_DEPLOYMENT_TARGET = 13.4;
				MTL_ENABLE_DEBUG_INFO = NO;
				MTL_FAST_MATH = YES;
				SDKROOT = iphoneos;
				SWIFT_COMPILATION_MODE = wholemodule;
				SWIFT_OPTIMIZATION_LEVEL = "-O";
				VALIDATE_PRODUCT = YES;
			};
			name = Release;
		};
		38ACF518297D7E8200CD2DB2 /* Debug */ = {
			isa = XCBuildConfiguration;
			buildSettings = {
				ASSETCATALOG_COMPILER_APPICON_NAME = AppIcon;
				ASSETCATALOG_COMPILER_GLOBAL_ACCENT_COLOR_NAME = AccentColor;
				CODE_SIGN_STYLE = Automatic;
				CURRENT_PROJECT_VERSION = 1;
				DEVELOPMENT_TEAM = UM3QPHF8E3;
				GENERATE_INFOPLIST_FILE = YES;
				INFOPLIST_FILE = TrackerApp/Resources/Info.plist;
				INFOPLIST_KEY_CFBundleDisplayName = Tracker;
				INFOPLIST_KEY_UIApplicationSupportsIndirectInputEvents = YES;
				INFOPLIST_KEY_UILaunchStoryboardName = LaunchScreen;
				INFOPLIST_KEY_UIStatusBarStyle = "";
				INFOPLIST_KEY_UISupportedInterfaceOrientations = UIInterfaceOrientationPortrait;
				LD_RUNPATH_SEARCH_PATHS = (
					"$(inherited)",
					"@executable_path/Frameworks",
				);
				MARKETING_VERSION = 1.0;
				PRODUCT_BUNDLE_IDENTIFIER = me.chenchik.TrackerApp;
				PRODUCT_NAME = "$(TARGET_NAME)";
				SUPPORTED_PLATFORMS = "iphoneos iphonesimulator";
				SUPPORTS_MACCATALYST = NO;
				SUPPORTS_MAC_DESIGNED_FOR_IPHONE_IPAD = YES;
				SWIFT_EMIT_LOC_STRINGS = YES;
				SWIFT_VERSION = 5.0;
				TARGETED_DEVICE_FAMILY = 1;
			};
			name = Debug;
		};
		38ACF519297D7E8200CD2DB2 /* Release */ = {
			isa = XCBuildConfiguration;
			buildSettings = {
				ASSETCATALOG_COMPILER_APPICON_NAME = AppIcon;
				ASSETCATALOG_COMPILER_GLOBAL_ACCENT_COLOR_NAME = AccentColor;
				CODE_SIGN_STYLE = Automatic;
				CURRENT_PROJECT_VERSION = 1;
				DEVELOPMENT_TEAM = UM3QPHF8E3;
				GENERATE_INFOPLIST_FILE = YES;
				INFOPLIST_FILE = TrackerApp/Resources/Info.plist;
				INFOPLIST_KEY_CFBundleDisplayName = Tracker;
				INFOPLIST_KEY_UIApplicationSupportsIndirectInputEvents = YES;
				INFOPLIST_KEY_UILaunchStoryboardName = LaunchScreen;
				INFOPLIST_KEY_UIStatusBarStyle = "";
				INFOPLIST_KEY_UISupportedInterfaceOrientations = UIInterfaceOrientationPortrait;
				LD_RUNPATH_SEARCH_PATHS = (
					"$(inherited)",
					"@executable_path/Frameworks",
				);
				MARKETING_VERSION = 1.0;
				PRODUCT_BUNDLE_IDENTIFIER = me.chenchik.TrackerApp;
				PRODUCT_NAME = "$(TARGET_NAME)";
				SUPPORTED_PLATFORMS = "iphoneos iphonesimulator";
				SUPPORTS_MACCATALYST = NO;
				SUPPORTS_MAC_DESIGNED_FOR_IPHONE_IPAD = YES;
				SWIFT_EMIT_LOC_STRINGS = YES;
				SWIFT_VERSION = 5.0;
				TARGETED_DEVICE_FAMILY = 1;
			};
			name = Release;
		};
/* End XCBuildConfiguration section */

/* Begin XCConfigurationList section */
		38ACF4FE297D7E8000CD2DB2 /* Build configuration list for PBXProject "TrackerApp" */ = {
			isa = XCConfigurationList;
			buildConfigurations = (
				38ACF515297D7E8200CD2DB2 /* Debug */,
				38ACF516297D7E8200CD2DB2 /* Release */,
			);
			defaultConfigurationIsVisible = 0;
			defaultConfigurationName = Release;
		};
		38ACF517297D7E8200CD2DB2 /* Build configuration list for PBXNativeTarget "TrackerApp" */ = {
			isa = XCConfigurationList;
			buildConfigurations = (
				38ACF518297D7E8200CD2DB2 /* Debug */,
				38ACF519297D7E8200CD2DB2 /* Release */,
			);
			defaultConfigurationIsVisible = 0;
			defaultConfigurationName = Release;
		};
/* End XCConfigurationList section */
	};
	rootObject = 38ACF4FB297D7E8000CD2DB2 /* Project object */;
}
